
Microsoft Visual Studio Solution File, Format Version 12.00
# Visual Studio Version 16
VisualStudioVersion = 16.0.29519.87
MinimumVisualStudioVersion = 10.0.40219.1
Project("{FAE04EC0-301F-11D3-BF4B-00C04F79EFBC}") = "AspNetCoreWeb02", "AspNetCoreWeb02\AspNetCoreWeb02.csproj", "{8F6155F6-A405-4E96-BBA1-BA2DF8E4F7AA}"
EndProject
Global
	GlobalSection(SolutionConfigurationPlatforms) = preSolution
		Debug|Any CPU = Debug|Any CPU
		Release|Any CPU = Release|Any CPU
	EndGlobalSection
	GlobalSection(ProjectConfigurationPlatforms) = postSolution
		{8F6155F6-A405-4E96-BBA1-BA2DF8E4F7AA}.Debug|Any CPU.ActiveCfg = Debug|Any CPU
		{8F6155F6-A405-4E96-BBA1-BA2DF8E4F7AA}.Debug|Any CPU.Build.0 = Debug|Any CPU
		{8F6155F6-A405-4E96-BBA1-BA2DF8E4F7AA}.Release|Any CPU.ActiveCfg = Release|Any CPU
		{8F6155F6-A405-4E96-BBA1-BA2DF8E4F7AA}.Release|Any CPU.Build.0 = Release|Any CPU
	EndGlobalSection
	GlobalSection(SolutionProperties) = preSolution
		HideSolutionNode = FALSE
	EndGlobalSection
	GlobalSection(ExtensibilityGlobals) = postSolution
		SolutionGuid = {7BD51BDE-B26B-4298-BB28-FCDE25FDB13E}
	EndGlobalSection
EndGlobal
